// !$*UTF8*$!
{
	archiveVersion = 1;
	classes = {
	};
	objectVersion = 56;
	objects = {

/* Begin PBXBuildFile section */
		071E23C72A09617500AEF7AC /* TCACoordinators in Frameworks */ = {isa = PBXBuildFile; productRef = 071E23C62A09617500AEF7AC /* TCACoordinators */; };
		071E23C92A0961CA00AEF7AC /* MainCoordinatorView.swift in Sources */ = {isa = PBXBuildFile; fileRef = 071E23C82A0961CA00AEF7AC /* MainCoordinatorView.swift */; };
		071E23CB2A09641900AEF7AC /* MainScreenCore.swift in Sources */ = {isa = PBXBuildFile; fileRef = 071E23CA2A09641900AEF7AC /* MainScreenCore.swift */; };
		075B1F962A0D4F510074ABEB /* MainCoordinatorCore.swift in Sources */ = {isa = PBXBuildFile; fileRef = 075B1F952A0D4F510074ABEB /* MainCoordinatorCore.swift */; };
		884C8FBF2A080143001A0878 /* .swiftlint.yml in Resources */ = {isa = PBXBuildFile; fileRef = 884C8FBE2A080143001A0878 /* .swiftlint.yml */; };
		8881DE022A093CC4003154C5 /* ModalView.swift in Sources */ = {isa = PBXBuildFile; fileRef = 8881DE002A093CC4003154C5 /* ModalView.swift */; };
		8881DE032A093CC4003154C5 /* ModalCore.swift in Sources */ = {isa = PBXBuildFile; fileRef = 8881DE012A093CC4003154C5 /* ModalCore.swift */; };
		88AB58D42A06164100D44F06 /* YappProjectApp.swift in Sources */ = {isa = PBXBuildFile; fileRef = 88AB58D32A06164100D44F06 /* YappProjectApp.swift */; };
		88AB58D62A06164100D44F06 /* AppView.swift in Sources */ = {isa = PBXBuildFile; fileRef = 88AB58D52A06164100D44F06 /* AppView.swift */; };
		88AB58D82A06164200D44F06 /* Assets.xcassets in Resources */ = {isa = PBXBuildFile; fileRef = 88AB58D72A06164200D44F06 /* Assets.xcassets */; };
		88AB58DB2A06164200D44F06 /* Preview Assets.xcassets in Resources */ = {isa = PBXBuildFile; fileRef = 88AB58DA2A06164200D44F06 /* Preview Assets.xcassets */; };
		88AB58E52A06164300D44F06 /* YappProjectTests.swift in Sources */ = {isa = PBXBuildFile; fileRef = 88AB58E42A06164300D44F06 /* YappProjectTests.swift */; };
		88AB58EF2A06164300D44F06 /* YappProjectUITests.swift in Sources */ = {isa = PBXBuildFile; fileRef = 88AB58EE2A06164300D44F06 /* YappProjectUITests.swift */; };
		88AB58F12A06164300D44F06 /* YappProjectUITestsLaunchTests.swift in Sources */ = {isa = PBXBuildFile; fileRef = 88AB58F02A06164300D44F06 /* YappProjectUITestsLaunchTests.swift */; };
		88AB58FF2A07D8FB00D44F06 /* ComposableArchitecture in Frameworks */ = {isa = PBXBuildFile; productRef = 88AB58FE2A07D8FB00D44F06 /* ComposableArchitecture */; };
		88AB59012A07DA6E00D44F06 /* YappProjectCore.swift in Sources */ = {isa = PBXBuildFile; fileRef = 88AB59002A07DA6E00D44F06 /* YappProjectCore.swift */; };
		88AB59032A07DDD000D44F06 /* SecondView.swift in Sources */ = {isa = PBXBuildFile; fileRef = 88AB59022A07DDD000D44F06 /* SecondView.swift */; };
		88AB59052A07E98F00D44F06 /* SecondCore.swift in Sources */ = {isa = PBXBuildFile; fileRef = 88AB59042A07E98F00D44F06 /* SecondCore.swift */; };
		88AB59082A07E9C200D44F06 /* ThirdView.swift in Sources */ = {isa = PBXBuildFile; fileRef = 88AB59062A07E9C200D44F06 /* ThirdView.swift */; };
		88AB59092A07E9C200D44F06 /* ThirdCore.swift in Sources */ = {isa = PBXBuildFile; fileRef = 88AB59072A07E9C200D44F06 /* ThirdCore.swift */; };
/* End PBXBuildFile section */

/* Begin PBXContainerItemProxy section */
		88AB58E12A06164300D44F06 /* PBXContainerItemProxy */ = {
			isa = PBXContainerItemProxy;
			containerPortal = 88AB58C82A06164100D44F06 /* Project object */;
			proxyType = 1;
			remoteGlobalIDString = 88AB58CF2A06164100D44F06;
			remoteInfo = YappProject;
		};
		88AB58EB2A06164300D44F06 /* PBXContainerItemProxy */ = {
			isa = PBXContainerItemProxy;
			containerPortal = 88AB58C82A06164100D44F06 /* Project object */;
			proxyType = 1;
			remoteGlobalIDString = 88AB58CF2A06164100D44F06;
			remoteInfo = YappProject;
		};
/* End PBXContainerItemProxy section */

/* Begin PBXFileReference section */
		071E23C42A08139600AEF7AC /* Info.plist */ = {isa = PBXFileReference; lastKnownFileType = text.plist; path = Info.plist; sourceTree = "<group>"; };
		071E23C82A0961CA00AEF7AC /* MainCoordinatorView.swift */ = {isa = PBXFileReference; lastKnownFileType = sourcecode.swift; path = MainCoordinatorView.swift; sourceTree = "<group>"; };
		071E23CA2A09641900AEF7AC /* MainScreenCore.swift */ = {isa = PBXFileReference; lastKnownFileType = sourcecode.swift; path = MainScreenCore.swift; sourceTree = "<group>"; };
		075B1F952A0D4F510074ABEB /* MainCoordinatorCore.swift */ = {isa = PBXFileReference; lastKnownFileType = sourcecode.swift; path = MainCoordinatorCore.swift; sourceTree = "<group>"; };
		884C8FBE2A080143001A0878 /* .swiftlint.yml */ = {isa = PBXFileReference; lastKnownFileType = text.yaml; path = .swiftlint.yml; sourceTree = "<group>"; };
		8881DE002A093CC4003154C5 /* ModalView.swift */ = {isa = PBXFileReference; fileEncoding = 4; lastKnownFileType = sourcecode.swift; path = ModalView.swift; sourceTree = "<group>"; };
		8881DE012A093CC4003154C5 /* ModalCore.swift */ = {isa = PBXFileReference; fileEncoding = 4; lastKnownFileType = sourcecode.swift; path = ModalCore.swift; sourceTree = "<group>"; };
		88AB58D02A06164100D44F06 /* YappProject.app */ = {isa = PBXFileReference; explicitFileType = wrapper.application; includeInIndex = 0; path = YappProject.app; sourceTree = BUILT_PRODUCTS_DIR; };
		88AB58D32A06164100D44F06 /* YappProjectApp.swift */ = {isa = PBXFileReference; lastKnownFileType = sourcecode.swift; path = YappProjectApp.swift; sourceTree = "<group>"; };
		88AB58D52A06164100D44F06 /* AppView.swift */ = {isa = PBXFileReference; lastKnownFileType = sourcecode.swift; path = AppView.swift; sourceTree = "<group>"; };
		88AB58D72A06164200D44F06 /* Assets.xcassets */ = {isa = PBXFileReference; lastKnownFileType = folder.assetcatalog; path = Assets.xcassets; sourceTree = "<group>"; };
		88AB58DA2A06164200D44F06 /* Preview Assets.xcassets */ = {isa = PBXFileReference; lastKnownFileType = folder.assetcatalog; path = "Preview Assets.xcassets"; sourceTree = "<group>"; };
		88AB58E02A06164300D44F06 /* YappProjectTests.xctest */ = {isa = PBXFileReference; explicitFileType = wrapper.cfbundle; includeInIndex = 0; path = YappProjectTests.xctest; sourceTree = BUILT_PRODUCTS_DIR; };
		88AB58E42A06164300D44F06 /* YappProjectTests.swift */ = {isa = PBXFileReference; lastKnownFileType = sourcecode.swift; path = YappProjectTests.swift; sourceTree = "<group>"; };
		88AB58EA2A06164300D44F06 /* YappProjectUITests.xctest */ = {isa = PBXFileReference; explicitFileType = wrapper.cfbundle; includeInIndex = 0; path = YappProjectUITests.xctest; sourceTree = BUILT_PRODUCTS_DIR; };
		88AB58EE2A06164300D44F06 /* YappProjectUITests.swift */ = {isa = PBXFileReference; lastKnownFileType = sourcecode.swift; path = YappProjectUITests.swift; sourceTree = "<group>"; };
		88AB58F02A06164300D44F06 /* YappProjectUITestsLaunchTests.swift */ = {isa = PBXFileReference; lastKnownFileType = sourcecode.swift; path = YappProjectUITestsLaunchTests.swift; sourceTree = "<group>"; };
		88AB59002A07DA6E00D44F06 /* YappProjectCore.swift */ = {isa = PBXFileReference; lastKnownFileType = sourcecode.swift; path = YappProjectCore.swift; sourceTree = "<group>"; };
		88AB59022A07DDD000D44F06 /* SecondView.swift */ = {isa = PBXFileReference; lastKnownFileType = sourcecode.swift; path = SecondView.swift; sourceTree = "<group>"; };
		88AB59042A07E98F00D44F06 /* SecondCore.swift */ = {isa = PBXFileReference; lastKnownFileType = sourcecode.swift; path = SecondCore.swift; sourceTree = "<group>"; };
		88AB59062A07E9C200D44F06 /* ThirdView.swift */ = {isa = PBXFileReference; fileEncoding = 4; lastKnownFileType = sourcecode.swift; path = ThirdView.swift; sourceTree = "<group>"; };
		88AB59072A07E9C200D44F06 /* ThirdCore.swift */ = {isa = PBXFileReference; fileEncoding = 4; lastKnownFileType = sourcecode.swift; path = ThirdCore.swift; sourceTree = "<group>"; };
/* End PBXFileReference section */

/* Begin PBXFrameworksBuildPhase section */
		88AB58CD2A06164100D44F06 /* Frameworks */ = {
			isa = PBXFrameworksBuildPhase;
			buildActionMask = 2147483647;
			files = (
				071E23C72A09617500AEF7AC /* TCACoordinators in Frameworks */,
				88AB58FF2A07D8FB00D44F06 /* ComposableArchitecture in Frameworks */,
			);
			runOnlyForDeploymentPostprocessing = 0;
		};
		88AB58DD2A06164300D44F06 /* Frameworks */ = {
			isa = PBXFrameworksBuildPhase;
			buildActionMask = 2147483647;
			files = (
			);
			runOnlyForDeploymentPostprocessing = 0;
		};
		88AB58E72A06164300D44F06 /* Frameworks */ = {
			isa = PBXFrameworksBuildPhase;
			buildActionMask = 2147483647;
			files = (
			);
			runOnlyForDeploymentPostprocessing = 0;
		};
/* End PBXFrameworksBuildPhase section */

/* Begin PBXGroup section */
		88AB58C72A06164100D44F06 = {
			isa = PBXGroup;
			children = (
				884C8FBE2A080143001A0878 /* .swiftlint.yml */,
				88AB58D22A06164100D44F06 /* YappProject */,
				88AB58E32A06164300D44F06 /* YappProjectTests */,
				88AB58ED2A06164300D44F06 /* YappProjectUITests */,
				88AB58D12A06164100D44F06 /* Products */,
			);
			sourceTree = "<group>";
		};
		88AB58D12A06164100D44F06 /* Products */ = {
			isa = PBXGroup;
			children = (
				88AB58D02A06164100D44F06 /* YappProject.app */,
				88AB58E02A06164300D44F06 /* YappProjectTests.xctest */,
				88AB58EA2A06164300D44F06 /* YappProjectUITests.xctest */,
			);
			name = Products;
			sourceTree = "<group>";
		};
		88AB58D22A06164100D44F06 /* YappProject */ = {
			isa = PBXGroup;
			children = (
				071E23C42A08139600AEF7AC /* Info.plist */,
				88AB58D32A06164100D44F06 /* YappProjectApp.swift */,
				88AB59002A07DA6E00D44F06 /* YappProjectCore.swift */,
				88AB58D52A06164100D44F06 /* AppView.swift */,
				071E23C82A0961CA00AEF7AC /* MainCoordinatorView.swift */,
				075B1F952A0D4F510074ABEB /* MainCoordinatorCore.swift */,
				071E23CA2A09641900AEF7AC /* MainScreenCore.swift */,
				88AB59042A07E98F00D44F06 /* SecondCore.swift */,
				88AB59022A07DDD000D44F06 /* SecondView.swift */,
				88AB59072A07E9C200D44F06 /* ThirdCore.swift */,
				88AB59062A07E9C200D44F06 /* ThirdView.swift */,
				8881DE012A093CC4003154C5 /* ModalCore.swift */,
				8881DE002A093CC4003154C5 /* ModalView.swift */,
				88AB58D72A06164200D44F06 /* Assets.xcassets */,
				88AB58D92A06164200D44F06 /* Preview Content */,
			);
			path = YappProject;
			sourceTree = "<group>";
		};
		88AB58D92A06164200D44F06 /* Preview Content */ = {
			isa = PBXGroup;
			children = (
				88AB58DA2A06164200D44F06 /* Preview Assets.xcassets */,
			);
			path = "Preview Content";
			sourceTree = "<group>";
		};
		88AB58E32A06164300D44F06 /* YappProjectTests */ = {
			isa = PBXGroup;
			children = (
				88AB58E42A06164300D44F06 /* YappProjectTests.swift */,
			);
			path = YappProjectTests;
			sourceTree = "<group>";
		};
		88AB58ED2A06164300D44F06 /* YappProjectUITests */ = {
			isa = PBXGroup;
			children = (
				88AB58EE2A06164300D44F06 /* YappProjectUITests.swift */,
				88AB58F02A06164300D44F06 /* YappProjectUITestsLaunchTests.swift */,
			);
			path = YappProjectUITests;
			sourceTree = "<group>";
		};
/* End PBXGroup section */

/* Begin PBXNativeTarget section */
		88AB58CF2A06164100D44F06 /* YappProject */ = {
			isa = PBXNativeTarget;
			buildConfigurationList = 88AB58F42A06164300D44F06 /* Build configuration list for PBXNativeTarget "YappProject" */;
			buildPhases = (
				884C8FB92A07FC74001A0878 /* SwiftLint */,
				88AB58CC2A06164100D44F06 /* Sources */,
				88AB58CD2A06164100D44F06 /* Frameworks */,
				88AB58CE2A06164100D44F06 /* Resources */,
			);
			buildRules = (
			);
			dependencies = (
			);
			name = YappProject;
			packageProductDependencies = (
				88AB58FE2A07D8FB00D44F06 /* ComposableArchitecture */,
				071E23C62A09617500AEF7AC /* TCACoordinators */,
			);
			productName = YappProject;
			productReference = 88AB58D02A06164100D44F06 /* YappProject.app */;
			productType = "com.apple.product-type.application";
		};
		88AB58DF2A06164300D44F06 /* YappProjectTests */ = {
			isa = PBXNativeTarget;
			buildConfigurationList = 88AB58F72A06164300D44F06 /* Build configuration list for PBXNativeTarget "YappProjectTests" */;
			buildPhases = (
				88AB58DC2A06164300D44F06 /* Sources */,
				88AB58DD2A06164300D44F06 /* Frameworks */,
				88AB58DE2A06164300D44F06 /* Resources */,
			);
			buildRules = (
			);
			dependencies = (
				88AB58E22A06164300D44F06 /* PBXTargetDependency */,
			);
			name = YappProjectTests;
			productName = YappProjectTests;
			productReference = 88AB58E02A06164300D44F06 /* YappProjectTests.xctest */;
			productType = "com.apple.product-type.bundle.unit-test";
		};
		88AB58E92A06164300D44F06 /* YappProjectUITests */ = {
			isa = PBXNativeTarget;
			buildConfigurationList = 88AB58FA2A06164300D44F06 /* Build configuration list for PBXNativeTarget "YappProjectUITests" */;
			buildPhases = (
				88AB58E62A06164300D44F06 /* Sources */,
				88AB58E72A06164300D44F06 /* Frameworks */,
				88AB58E82A06164300D44F06 /* Resources */,
			);
			buildRules = (
			);
			dependencies = (
				88AB58EC2A06164300D44F06 /* PBXTargetDependency */,
			);
			name = YappProjectUITests;
			productName = YappProjectUITests;
			productReference = 88AB58EA2A06164300D44F06 /* YappProjectUITests.xctest */;
			productType = "com.apple.product-type.bundle.ui-testing";
		};
/* End PBXNativeTarget section */

/* Begin PBXProject section */
		88AB58C82A06164100D44F06 /* Project object */ = {
			isa = PBXProject;
			attributes = {
				BuildIndependentTargetsInParallel = 1;
				LastSwiftUpdateCheck = 1420;
				LastUpgradeCheck = 1420;
				TargetAttributes = {
					88AB58CF2A06164100D44F06 = {
						CreatedOnToolsVersion = 14.2;
					};
					88AB58DF2A06164300D44F06 = {
						CreatedOnToolsVersion = 14.2;
						TestTargetID = 88AB58CF2A06164100D44F06;
					};
					88AB58E92A06164300D44F06 = {
						CreatedOnToolsVersion = 14.2;
						TestTargetID = 88AB58CF2A06164100D44F06;
					};
				};
			};
			buildConfigurationList = 88AB58CB2A06164100D44F06 /* Build configuration list for PBXProject "YappProject" */;
			compatibilityVersion = "Xcode 14.0";
			developmentRegion = en;
			hasScannedForEncodings = 0;
			knownRegions = (
				en,
				Base,
			);
			mainGroup = 88AB58C72A06164100D44F06;
			packageReferences = (
				88AB58FD2A07D8FB00D44F06 /* XCRemoteSwiftPackageReference "swift-composable-architecture" */,
				071E23C52A09617500AEF7AC /* XCRemoteSwiftPackageReference "TCACoordinators" */,
			);
			productRefGroup = 88AB58D12A06164100D44F06 /* Products */;
			projectDirPath = "";
			projectRoot = "";
			targets = (
				88AB58CF2A06164100D44F06 /* YappProject */,
				88AB58DF2A06164300D44F06 /* YappProjectTests */,
				88AB58E92A06164300D44F06 /* YappProjectUITests */,
			);
		};
/* End PBXProject section */

/* Begin PBXResourcesBuildPhase section */
		88AB58CE2A06164100D44F06 /* Resources */ = {
			isa = PBXResourcesBuildPhase;
			buildActionMask = 2147483647;
			files = (
				884C8FBF2A080143001A0878 /* .swiftlint.yml in Resources */,
				88AB58DB2A06164200D44F06 /* Preview Assets.xcassets in Resources */,
				88AB58D82A06164200D44F06 /* Assets.xcassets in Resources */,
			);
			runOnlyForDeploymentPostprocessing = 0;
		};
		88AB58DE2A06164300D44F06 /* Resources */ = {
			isa = PBXResourcesBuildPhase;
			buildActionMask = 2147483647;
			files = (
			);
			runOnlyForDeploymentPostprocessing = 0;
		};
		88AB58E82A06164300D44F06 /* Resources */ = {
			isa = PBXResourcesBuildPhase;
			buildActionMask = 2147483647;
			files = (
			);
			runOnlyForDeploymentPostprocessing = 0;
		};
/* End PBXResourcesBuildPhase section */

/* Begin PBXShellScriptBuildPhase section */
		884C8FB92A07FC74001A0878 /* SwiftLint */ = {
			isa = PBXShellScriptBuildPhase;
			alwaysOutOfDate = 1;
			buildActionMask = 2147483647;
			files = (
			);
			inputFileListPaths = (
			);
			inputPaths = (
			);
			name = SwiftLint;
			outputFileListPaths = (
			);
			outputPaths = (
			);
			runOnlyForDeploymentPostprocessing = 0;
			shellPath = /bin/sh;
			shellScript = "export PATH=\"$PATH:/opt/homebrew/bin\"\nif which swiftlint > /dev/null; then\n  swiftlint\nelse\n  echo \"warning: SwiftLint not installed, download from https://github.com/realm/SwiftLint\"\nfi\n";
		};
/* End PBXShellScriptBuildPhase section */

/* Begin PBXSourcesBuildPhase section */
		88AB58CC2A06164100D44F06 /* Sources */ = {
			isa = PBXSourcesBuildPhase;
			buildActionMask = 2147483647;
			files = (
				88AB58D62A06164100D44F06 /* AppView.swift in Sources */,
				071E23CB2A09641900AEF7AC /* MainScreenCore.swift in Sources */,
				075B1F962A0D4F510074ABEB /* MainCoordinatorCore.swift in Sources */,
				88AB59052A07E98F00D44F06 /* SecondCore.swift in Sources */,
				8881DE022A093CC4003154C5 /* ModalView.swift in Sources */,
				88AB58D42A06164100D44F06 /* YappProjectApp.swift in Sources */,
				88AB59032A07DDD000D44F06 /* SecondView.swift in Sources */,
				88AB59082A07E9C200D44F06 /* ThirdView.swift in Sources */,
				071E23C92A0961CA00AEF7AC /* MainCoordinatorView.swift in Sources */,
				88AB59012A07DA6E00D44F06 /* YappProjectCore.swift in Sources */,
				88AB59092A07E9C200D44F06 /* ThirdCore.swift in Sources */,
				8881DE032A093CC4003154C5 /* ModalCore.swift in Sources */,
			);
			runOnlyForDeploymentPostprocessing = 0;
		};
		88AB58DC2A06164300D44F06 /* Sources */ = {
			isa = PBXSourcesBuildPhase;
			buildActionMask = 2147483647;
			files = (
				88AB58E52A06164300D44F06 /* YappProjectTests.swift in Sources */,
			);
			runOnlyForDeploymentPostprocessing = 0;
		};
		88AB58E62A06164300D44F06 /* Sources */ = {
			isa = PBXSourcesBuildPhase;
			buildActionMask = 2147483647;
			files = (
				88AB58F12A06164300D44F06 /* YappProjectUITestsLaunchTests.swift in Sources */,
				88AB58EF2A06164300D44F06 /* YappProjectUITests.swift in Sources */,
			);
			runOnlyForDeploymentPostprocessing = 0;
		};
/* End PBXSourcesBuildPhase section */

/* Begin PBXTargetDependency section */
		88AB58E22A06164300D44F06 /* PBXTargetDependency */ = {
			isa = PBXTargetDependency;
			target = 88AB58CF2A06164100D44F06 /* YappProject */;
			targetProxy = 88AB58E12A06164300D44F06 /* PBXContainerItemProxy */;
		};
		88AB58EC2A06164300D44F06 /* PBXTargetDependency */ = {
			isa = PBXTargetDependency;
			target = 88AB58CF2A06164100D44F06 /* YappProject */;
			targetProxy = 88AB58EB2A06164300D44F06 /* PBXContainerItemProxy */;
		};
/* End PBXTargetDependency section */

/* Begin XCBuildConfiguration section */
		88AB58F22A06164300D44F06 /* Debug */ = {
			isa = XCBuildConfiguration;
			buildSettings = {
				ALWAYS_SEARCH_USER_PATHS = NO;
				CLANG_ANALYZER_NONNULL = YES;
				CLANG_ANALYZER_NUMBER_OBJECT_CONVERSION = YES_AGGRESSIVE;
				CLANG_CXX_LANGUAGE_STANDARD = "gnu++20";
				CLANG_ENABLE_MODULES = YES;
				CLANG_ENABLE_OBJC_ARC = YES;
				CLANG_ENABLE_OBJC_WEAK = YES;
				CLANG_WARN_BLOCK_CAPTURE_AUTORELEASING = YES;
				CLANG_WARN_BOOL_CONVERSION = YES;
				CLANG_WARN_COMMA = YES;
				CLANG_WARN_CONSTANT_CONVERSION = YES;
				CLANG_WARN_DEPRECATED_OBJC_IMPLEMENTATIONS = YES;
				CLANG_WARN_DIRECT_OBJC_ISA_USAGE = YES_ERROR;
				CLANG_WARN_DOCUMENTATION_COMMENTS = YES;
				CLANG_WARN_EMPTY_BODY = YES;
				CLANG_WARN_ENUM_CONVERSION = YES;
				CLANG_WARN_INFINITE_RECURSION = YES;
				CLANG_WARN_INT_CONVERSION = YES;
				CLANG_WARN_NON_LITERAL_NULL_CONVERSION = YES;
				CLANG_WARN_OBJC_IMPLICIT_RETAIN_SELF = YES;
				CLANG_WARN_OBJC_LITERAL_CONVERSION = YES;
				CLANG_WARN_OBJC_ROOT_CLASS = YES_ERROR;
				CLANG_WARN_QUOTED_INCLUDE_IN_FRAMEWORK_HEADER = YES;
				CLANG_WARN_RANGE_LOOP_ANALYSIS = YES;
				CLANG_WARN_STRICT_PROTOTYPES = YES;
				CLANG_WARN_SUSPICIOUS_MOVE = YES;
				CLANG_WARN_UNGUARDED_AVAILABILITY = YES_AGGRESSIVE;
				CLANG_WARN_UNREACHABLE_CODE = YES;
				CLANG_WARN__DUPLICATE_METHOD_MATCH = YES;
				COPY_PHASE_STRIP = NO;
				DEBUG_INFORMATION_FORMAT = dwarf;
				ENABLE_STRICT_OBJC_MSGSEND = YES;
				ENABLE_TESTABILITY = YES;
				GCC_C_LANGUAGE_STANDARD = gnu11;
				GCC_DYNAMIC_NO_PIC = NO;
				GCC_NO_COMMON_BLOCKS = YES;
				GCC_OPTIMIZATION_LEVEL = 0;
				GCC_PREPROCESSOR_DEFINITIONS = (
					"DEBUG=1",
					"$(inherited)",
				);
				GCC_WARN_64_TO_32_BIT_CONVERSION = YES;
				GCC_WARN_ABOUT_RETURN_TYPE = YES_ERROR;
				GCC_WARN_UNDECLARED_SELECTOR = YES;
				GCC_WARN_UNINITIALIZED_AUTOS = YES_AGGRESSIVE;
				GCC_WARN_UNUSED_FUNCTION = YES;
				GCC_WARN_UNUSED_VARIABLE = YES;
				IPHONEOS_DEPLOYMENT_TARGET = 15.0;
				MTL_ENABLE_DEBUG_INFO = INCLUDE_SOURCE;
				MTL_FAST_MATH = YES;
				ONLY_ACTIVE_ARCH = YES;
				SDKROOT = iphoneos;
				SWIFT_ACTIVE_COMPILATION_CONDITIONS = DEBUG;
				SWIFT_OPTIMIZATION_LEVEL = "-Onone";
			};
			name = Debug;
		};
		88AB58F32A06164300D44F06 /* Release */ = {
			isa = XCBuildConfiguration;
			buildSettings = {
				ALWAYS_SEARCH_USER_PATHS = NO;
				CLANG_ANALYZER_NONNULL = YES;
				CLANG_ANALYZER_NUMBER_OBJECT_CONVERSION = YES_AGGRESSIVE;
				CLANG_CXX_LANGUAGE_STANDARD = "gnu++20";
				CLANG_ENABLE_MODULES = YES;
				CLANG_ENABLE_OBJC_ARC = YES;
				CLANG_ENABLE_OBJC_WEAK = YES;
				CLANG_WARN_BLOCK_CAPTURE_AUTORELEASING = YES;
				CLANG_WARN_BOOL_CONVERSION = YES;
				CLANG_WARN_COMMA = YES;
				CLANG_WARN_CONSTANT_CONVERSION = YES;
				CLANG_WARN_DEPRECATED_OBJC_IMPLEMENTATIONS = YES;
				CLANG_WARN_DIRECT_OBJC_ISA_USAGE = YES_ERROR;
				CLANG_WARN_DOCUMENTATION_COMMENTS = YES;
				CLANG_WARN_EMPTY_BODY = YES;
				CLANG_WARN_ENUM_CONVERSION = YES;
				CLANG_WARN_INFINITE_RECURSION = YES;
				CLANG_WARN_INT_CONVERSION = YES;
				CLANG_WARN_NON_LITERAL_NULL_CONVERSION = YES;
				CLANG_WARN_OBJC_IMPLICIT_RETAIN_SELF = YES;
				CLANG_WARN_OBJC_LITERAL_CONVERSION = YES;
				CLANG_WARN_OBJC_ROOT_CLASS = YES_ERROR;
				CLANG_WARN_QUOTED_INCLUDE_IN_FRAMEWORK_HEADER = YES;
				CLANG_WARN_RANGE_LOOP_ANALYSIS = YES;
				CLANG_WARN_STRICT_PROTOTYPES = YES;
				CLANG_WARN_SUSPICIOUS_MOVE = YES;
				CLANG_WARN_UNGUARDED_AVAILABILITY = YES_AGGRESSIVE;
				CLANG_WARN_UNREACHABLE_CODE = YES;
				CLANG_WARN__DUPLICATE_METHOD_MATCH = YES;
				COPY_PHASE_STRIP = NO;
				DEBUG_INFORMATION_FORMAT = "dwarf-with-dsym";
				ENABLE_NS_ASSERTIONS = NO;
				ENABLE_STRICT_OBJC_MSGSEND = YES;
				GCC_C_LANGUAGE_STANDARD = gnu11;
				GCC_NO_COMMON_BLOCKS = YES;
				GCC_WARN_64_TO_32_BIT_CONVERSION = YES;
				GCC_WARN_ABOUT_RETURN_TYPE = YES_ERROR;
				GCC_WARN_UNDECLARED_SELECTOR = YES;
				GCC_WARN_UNINITIALIZED_AUTOS = YES_AGGRESSIVE;
				GCC_WARN_UNUSED_FUNCTION = YES;
				GCC_WARN_UNUSED_VARIABLE = YES;
				IPHONEOS_DEPLOYMENT_TARGET = 15.0;
				MTL_ENABLE_DEBUG_INFO = NO;
				MTL_FAST_MATH = YES;
				SDKROOT = iphoneos;
				SWIFT_COMPILATION_MODE = wholemodule;
				SWIFT_OPTIMIZATION_LEVEL = "-O";
				VALIDATE_PRODUCT = YES;
			};
			name = Release;
		};
		88AB58F52A06164300D44F06 /* Debug */ = {
			isa = XCBuildConfiguration;
			buildSettings = {
				ASSETCATALOG_COMPILER_APPICON_NAME = AppIcon;
				ASSETCATALOG_COMPILER_GLOBAL_ACCENT_COLOR_NAME = AccentColor;
				CODE_SIGN_STYLE = Automatic;
				CURRENT_PROJECT_VERSION = 1;
				DEVELOPMENT_ASSET_PATHS = "\"YappProject/Preview Content\"";
				ENABLE_PREVIEWS = YES;
				GENERATE_INFOPLIST_FILE = YES;
				INFOPLIST_FILE = YappProject/Info.plist;
				INFOPLIST_KEY_UIApplicationSupportsIndirectInputEvents = YES;
				INFOPLIST_KEY_UILaunchScreen_Generation = YES;
				INFOPLIST_KEY_UISupportedInterfaceOrientations = UIInterfaceOrientationPortrait;
				IPHONEOS_DEPLOYMENT_TARGET = 15.0;
				LD_RUNPATH_SEARCH_PATHS = (
					"$(inherited)",
					"@executable_path/Frameworks",
				);
				MARKETING_VERSION = 1.0;
				PRODUCT_BUNDLE_IDENTIFIER = test.YappProject;
				PRODUCT_NAME = "$(TARGET_NAME)";
				SWIFT_EMIT_LOC_STRINGS = YES;
				SWIFT_VERSION = 5.0;
				TARGETED_DEVICE_FAMILY = "1,2";
			};
			name = Debug;
		};
		88AB58F62A06164300D44F06 /* Release */ = {
			isa = XCBuildConfiguration;
			buildSettings = {
				ASSETCATALOG_COMPILER_APPICON_NAME = AppIcon;
				ASSETCATALOG_COMPILER_GLOBAL_ACCENT_COLOR_NAME = AccentColor;
				CODE_SIGN_STYLE = Automatic;
				CURRENT_PROJECT_VERSION = 1;
				DEVELOPMENT_ASSET_PATHS = "\"YappProject/Preview Content\"";
				ENABLE_PREVIEWS = YES;
				GENERATE_INFOPLIST_FILE = YES;
				INFOPLIST_FILE = YappProject/Info.plist;
				INFOPLIST_KEY_UIApplicationSupportsIndirectInputEvents = YES;
				INFOPLIST_KEY_UILaunchScreen_Generation = YES;
				INFOPLIST_KEY_UISupportedInterfaceOrientations = UIInterfaceOrientationPortrait;
				IPHONEOS_DEPLOYMENT_TARGET = 15.0;
				LD_RUNPATH_SEARCH_PATHS = (
					"$(inherited)",
					"@executable_path/Frameworks",
				);
				MARKETING_VERSION = 1.0;
				PRODUCT_BUNDLE_IDENTIFIER = test.YappProject;
				PRODUCT_NAME = "$(TARGET_NAME)";
				SWIFT_EMIT_LOC_STRINGS = YES;
				SWIFT_VERSION = 5.0;
				TARGETED_DEVICE_FAMILY = "1,2";
			};
			name = Release;
		};
		88AB58F82A06164300D44F06 /* Debug */ = {
			isa = XCBuildConfiguration;
			buildSettings = {
				ALWAYS_EMBED_SWIFT_STANDARD_LIBRARIES = YES;
				BUNDLE_LOADER = "$(TEST_HOST)";
				CODE_SIGN_STYLE = Automatic;
				CURRENT_PROJECT_VERSION = 1;
				GENERATE_INFOPLIST_FILE = YES;
				IPHONEOS_DEPLOYMENT_TARGET = 15.0;
				MARKETING_VERSION = 1.0;
				PRODUCT_BUNDLE_IDENTIFIER = test.YappProjectTests;
				PRODUCT_NAME = "$(TARGET_NAME)";
				SWIFT_EMIT_LOC_STRINGS = NO;
				SWIFT_VERSION = 5.0;
				TARGETED_DEVICE_FAMILY = "1,2";
				TEST_HOST = "$(BUILT_PRODUCTS_DIR)/YappProject.app/$(BUNDLE_EXECUTABLE_FOLDER_PATH)/YappProject";
			};
			name = Debug;
		};
		88AB58F92A06164300D44F06 /* Release */ = {
			isa = XCBuildConfiguration;
			buildSettings = {
				ALWAYS_EMBED_SWIFT_STANDARD_LIBRARIES = YES;
				BUNDLE_LOADER = "$(TEST_HOST)";
				CODE_SIGN_STYLE = Automatic;
				CURRENT_PROJECT_VERSION = 1;
				GENERATE_INFOPLIST_FILE = YES;
				IPHONEOS_DEPLOYMENT_TARGET = 15.0;
				MARKETING_VERSION = 1.0;
				PRODUCT_BUNDLE_IDENTIFIER = test.YappProjectTests;
				PRODUCT_NAME = "$(TARGET_NAME)";
				SWIFT_EMIT_LOC_STRINGS = NO;
				SWIFT_VERSION = 5.0;
				TARGETED_DEVICE_FAMILY = "1,2";
				TEST_HOST = "$(BUILT_PRODUCTS_DIR)/YappProject.app/$(BUNDLE_EXECUTABLE_FOLDER_PATH)/YappProject";
			};
			name = Release;
		};
		88AB58FB2A06164300D44F06 /* Debug */ = {
			isa = XCBuildConfiguration;
			buildSettings = {
				ALWAYS_EMBED_SWIFT_STANDARD_LIBRARIES = YES;
				CODE_SIGN_STYLE = Automatic;
				CURRENT_PROJECT_VERSION = 1;
				GENERATE_INFOPLIST_FILE = YES;
				MARKETING_VERSION = 1.0;
				PRODUCT_BUNDLE_IDENTIFIER = test.YappProjectUITests;
				PRODUCT_NAME = "$(TARGET_NAME)";
				SWIFT_EMIT_LOC_STRINGS = NO;
				SWIFT_VERSION = 5.0;
				TARGETED_DEVICE_FAMILY = "1,2";
				TEST_TARGET_NAME = YappProject;
			};
			name = Debug;
		};
		88AB58FC2A06164300D44F06 /* Release */ = {
			isa = XCBuildConfiguration;
			buildSettings = {
				ALWAYS_EMBED_SWIFT_STANDARD_LIBRARIES = YES;
				CODE_SIGN_STYLE = Automatic;
				CURRENT_PROJECT_VERSION = 1;
				GENERATE_INFOPLIST_FILE = YES;
				MARKETING_VERSION = 1.0;
				PRODUCT_BUNDLE_IDENTIFIER = test.YappProjectUITests;
				PRODUCT_NAME = "$(TARGET_NAME)";
				SWIFT_EMIT_LOC_STRINGS = NO;
				SWIFT_VERSION = 5.0;
				TARGETED_DEVICE_FAMILY = "1,2";
				TEST_TARGET_NAME = YappProject;
			};
			name = Release;
		};
/* End XCBuildConfiguration section */

/* Begin XCConfigurationList section */
		88AB58CB2A06164100D44F06 /* Build configuration list for PBXProject "YappProject" */ = {
			isa = XCConfigurationList;
			buildConfigurations = (
				88AB58F22A06164300D44F06 /* Debug */,
				88AB58F32A06164300D44F06 /* Release */,
			);
			defaultConfigurationIsVisible = 0;
			defaultConfigurationName = Release;
		};
		88AB58F42A06164300D44F06 /* Build configuration list for PBXNativeTarget "YappProject" */ = {
			isa = XCConfigurationList;
			buildConfigurations = (
				88AB58F52A06164300D44F06 /* Debug */,
				88AB58F62A06164300D44F06 /* Release */,
			);
			defaultConfigurationIsVisible = 0;
			defaultConfigurationName = Release;
		};
		88AB58F72A06164300D44F06 /* Build configuration list for PBXNativeTarget "YappProjectTests" */ = {
			isa = XCConfigurationList;
			buildConfigurations = (
				88AB58F82A06164300D44F06 /* Debug */,
				88AB58F92A06164300D44F06 /* Release */,
			);
			defaultConfigurationIsVisible = 0;
			defaultConfigurationName = Release;
		};
		88AB58FA2A06164300D44F06 /* Build configuration list for PBXNativeTarget "YappProjectUITests" */ = {
			isa = XCConfigurationList;
			buildConfigurations = (
				88AB58FB2A06164300D44F06 /* Debug */,
				88AB58FC2A06164300D44F06 /* Release */,
			);
			defaultConfigurationIsVisible = 0;
			defaultConfigurationName = Release;
		};
/* End XCConfigurationList section */

/* Begin XCRemoteSwiftPackageReference section */
		071E23C52A09617500AEF7AC /* XCRemoteSwiftPackageReference "TCACoordinators" */ = {
			isa = XCRemoteSwiftPackageReference;
			repositoryURL = "https://github.com/johnpatrickmorgan/TCACoordinators.git";
			requirement = {
				kind = upToNextMajorVersion;
				minimumVersion = 0.3.0;
			};
		};
		88AB58FD2A07D8FB00D44F06 /* XCRemoteSwiftPackageReference "swift-composable-architecture" */ = {
			isa = XCRemoteSwiftPackageReference;
			repositoryURL = "https://github.com/pointfreeco/swift-composable-architecture";
			requirement = {
				kind = upToNextMajorVersion;
				minimumVersion = 0.9.0;
			};
		};
/* End XCRemoteSwiftPackageReference section */

/* Begin XCSwiftPackageProductDependency section */
		071E23C62A09617500AEF7AC /* TCACoordinators */ = {
			isa = XCSwiftPackageProductDependency;
			package = 071E23C52A09617500AEF7AC /* XCRemoteSwiftPackageReference "TCACoordinators" */;
			productName = TCACoordinators;
		};
		88AB58FE2A07D8FB00D44F06 /* ComposableArchitecture */ = {
			isa = XCSwiftPackageProductDependency;
			package = 88AB58FD2A07D8FB00D44F06 /* XCRemoteSwiftPackageReference "swift-composable-architecture" */;
			productName = ComposableArchitecture;
		};
/* End XCSwiftPackageProductDependency section */
	};
	rootObject = 88AB58C82A06164100D44F06 /* Project object */;
}
